d7f95a54edb64c620a97e0de8ed2c8989baad9c4  Project.swift
372d3abb57650712f8b7f7e8bf4f8fc5014ff6a0  Tuist/Dependencies.swift
a715576c0b35fe5c09acf4d937f13cf2cfedc6b2  Tuist/Dependencies/SwiftPackageManager/.build/workspace-state.json
916520be45d675992652f66f10541dca2fe2d640  Tuist/Dependencies/SwiftPackageManager/.build/checkouts/JGProgressHUD/JGProgressHUD.xcodeproj/project.pbxproj
67fd4a41cc33ad8ed53fa755688026775916ff44  Tuist/Dependencies/SwiftPackageManager/.build/checkouts/JGProgressHUD/JGProgressHUD.xcodeproj/xcuserdata/ronanoc.xcuserdatad/xcschemes/xcschememanagement.plist
84243848f54b0c5983e1ed26defb41d262ce1354  Tuist/Dependencies/SwiftPackageManager/.build/checkouts/JGProgressHUD/JGProgressHUD.xcodeproj/project.xcworkspace/contents.xcworkspacedata
05e358742a2a9ddeddcc8e1515d9df6ded9daaeb  Tuist/Dependencies/SwiftPackageManager/.build/checkouts/JGProgressHUD/JGProgressHUD.xcodeproj/xcshareddata/xcschemes/JGProgressHUD.xcscheme
d616f57d2cfd60ef375ce7a26f515a9acdbd936b  Tuist/Dependencies/SwiftPackageManager/.build/checkouts/JGProgressHUD/Derived/InfoPlists/JGProgressHUD.plist
cbaaa1e1866d1014916a3fb8fb7df52a7e2ca74b  Tuist/Dependencies/SwiftPackageManager/.build/checkouts/JGProgressHUD/JGProgressHUD.podspec
71608a384306811e1e5eb2e56c4768bec978f032  Tuist/Dependencies/SwiftPackageManager/.build/checkouts/JGProgressHUD/docs/index.html
6dfb0e65c19db7b5f86ca7198ab0be6d6a8a0375  Tuist/Dependencies/SwiftPackageManager/.build/checkouts/JGProgressHUD/docs/css/scss/_index.scss
48826df867b91e52b26e942fc852d0e56a8bbe0e  Tuist/Dependencies/SwiftPackageManager/.build/checkouts/JGProgressHUD/docs/css/scss/_variables.scss
f5fe107b75ac73f5e2e2e980e27291dc3c64ae16  Tuist/Dependencies/SwiftPackageManager/.build/checkouts/JGProgressHUD/docs/css/scss/_xcode.scss
845ffa484ca32fef288fe659b0aa2424b0d4af05  Tuist/Dependencies/SwiftPackageManager/.build/checkouts/JGProgressHUD/docs/css/scss/_print.scss
4c5ae5006eb4667d02d6caaa14b48634535ff749  Tuist/Dependencies/SwiftPackageManager/.build/checkouts/JGProgressHUD/docs/css/scss/_layout.scss
d5325e21c148ac9afdaaa49c70b6119128345e0f  Tuist/Dependencies/SwiftPackageManager/.build/checkouts/JGProgressHUD/docs/css/scss/_object.scss
06396474d3e316d8d7f7b918bb3545192f86e642  Tuist/Dependencies/SwiftPackageManager/.build/checkouts/JGProgressHUD/docs/css/scss/style.scss
ec65ea1811e024c05412478c4fa1d35760b4c51b  Tuist/Dependencies/SwiftPackageManager/.build/checkouts/JGProgressHUD/docs/css/scss/_normalize.scss
381dd633ff97c01b2b8db6d185d645203f818d47  Tuist/Dependencies/SwiftPackageManager/.build/checkouts/JGProgressHUD/docs/css/style.css
4dd484fac81136eb53c1f07c10b12ebedbf6ac1f  Tuist/Dependencies/SwiftPackageManager/.build/checkouts/JGProgressHUD/docs/Classes/JGProgressHUD.html
f0a38a22d7d82fa50baa46e852db03afdf260d07  Tuist/Dependencies/SwiftPackageManager/.build/checkouts/JGProgressHUD/docs/Classes/JGProgressHUDErrorIndicatorView.html
8ba0ed1f4a351cdf76af09846a05472056f2c725  Tuist/Dependencies/SwiftPackageManager/.build/checkouts/JGProgressHUD/docs/Classes/JGProgressHUDFadeZoomAnimation.html
0426e7a189a0ac6e8417a9d6e9fa09f532560cf0  Tuist/Dependencies/SwiftPackageManager/.build/checkouts/JGProgressHUD/docs/Classes/JGProgressHUDIndeterminateIndicatorView.html
40676d6e084ecebff1f61bcdf0e050b29997d810  Tuist/Dependencies/SwiftPackageManager/.build/checkouts/JGProgressHUD/docs/Classes/JGProgressHUDAnimation.html
5b0e5f63008837b6d7c432ffb043bf99c077b579  Tuist/Dependencies/SwiftPackageManager/.build/checkouts/JGProgressHUD/docs/Classes/JGProgressHUDRingIndicatorView.html
f80738e07bfc4562c75ee39c2637383fb4870a11  Tuist/Dependencies/SwiftPackageManager/.build/checkouts/JGProgressHUD/docs/Classes/JGProgressHUDFadeAnimation.html
8303e98db3f87e5ca6b8f67b849ae3227553c653  Tuist/Dependencies/SwiftPackageManager/.build/checkouts/JGProgressHUD/docs/Classes/JGProgressHUDImageIndicatorView.html
bcb3c319cd513a023b23b509affecdcc9fa8fe28  Tuist/Dependencies/SwiftPackageManager/.build/checkouts/JGProgressHUD/docs/Classes/JGProgressHUDPieIndicatorView.html
a44beb8be962267c3e17d40952778e1a0e199855  Tuist/Dependencies/SwiftPackageManager/.build/checkouts/JGProgressHUD/docs/Classes/JGProgressHUDShadow.html
169ef9de97df83501d2daa6c6a861df49c227ac7  Tuist/Dependencies/SwiftPackageManager/.build/checkouts/JGProgressHUD/docs/Classes/JGProgressHUDSuccessIndicatorView.html
c7b7791dc8d6edb65d09fde0be01da313148fc8e  Tuist/Dependencies/SwiftPackageManager/.build/checkouts/JGProgressHUD/docs/Classes/JGProgressHUDIndicatorView.html
1c5f25bdb351684ea00058a22f9465a590ccbb3d  Tuist/Dependencies/SwiftPackageManager/.build/checkouts/JGProgressHUD/docs/hierarchy.html
de42f0569bc27567f96575ba7abd6287696f5a3c  Tuist/Dependencies/SwiftPackageManager/.build/checkouts/JGProgressHUD/docs/js/script.js
92bb97e107e042c3fba3381e9c6503b8348fa89b  Tuist/Dependencies/SwiftPackageManager/.build/checkouts/JGProgressHUD/docs/Constants/JGProgressHUDInteractionType.html
911b526c1ce33575e1f605a5ffdbcdf756c74b94  Tuist/Dependencies/SwiftPackageManager/.build/checkouts/JGProgressHUD/docs/Constants/JGProgressHUDParallaxMode.html
f11f5aee0ab9998e1897af305ac03de33b5d5a1b  Tuist/Dependencies/SwiftPackageManager/.build/checkouts/JGProgressHUD/docs/Constants/JGProgressHUDPosition.html
ee81f4e88d7799972412e9cfffb364fd0bcc600b  Tuist/Dependencies/SwiftPackageManager/.build/checkouts/JGProgressHUD/docs/Constants/JGProgressHUDStyle.html
a26806f5d9a18815e7005f435cf01a8e3501cb6e  Tuist/Dependencies/SwiftPackageManager/.build/checkouts/JGProgressHUD/docs/img/library_background.png
511f507864edaedae784e18c218093054c2329fc  Tuist/Dependencies/SwiftPackageManager/.build/checkouts/JGProgressHUD/docs/img/disclosure.png
ced0d282c09519571dc9441f4c96b5afcb494c0d  Tuist/Dependencies/SwiftPackageManager/.build/checkouts/JGProgressHUD/docs/img/disclosure_open.png
ca0c243ae0ab331c7e1aeb4d8ed7a4a73dd9ab97  Tuist/Dependencies/SwiftPackageManager/.build/checkouts/JGProgressHUD/docs/img/button_bar_background.png
6e4182943028ef2542afeae0c48eabd19d4b2536  Tuist/Dependencies/SwiftPackageManager/.build/checkouts/JGProgressHUD/docs/img/title_background.png
361f7e45ecd15738c4463ac53c467d366a3b6901  Tuist/Dependencies/SwiftPackageManager/.build/checkouts/JGProgressHUD/docs/Protocols/JGProgressHUDDelegate.html
20ff41935d23fe488dca7fb912fa91ea25404f3f  Tuist/Dependencies/SwiftPackageManager/.build/checkouts/JGProgressHUD/JGProgressHUD/JGProgressHUD/JGProgressHUDIndeterminateIndicatorView.m
07c0da1b08cfdabe15394b7492d2c8c4cc7ec2dc  Tuist/Dependencies/SwiftPackageManager/.build/checkouts/JGProgressHUD/JGProgressHUD/JGProgressHUD/JGProgressHUDErrorIndicatorView.m
0d82d2c5875c16f5ca0f25dbf7eec32d375ba9f8  Tuist/Dependencies/SwiftPackageManager/.build/checkouts/JGProgressHUD/JGProgressHUD/JGProgressHUD/JGProgressHUDAnimation.m
ba9db7e49589c60ceb46f7b8fda29a5cf69994e6  Tuist/Dependencies/SwiftPackageManager/.build/checkouts/JGProgressHUD/JGProgressHUD/JGProgressHUD/include/JGProgressHUDSuccessIndicatorView.h
076babe7027bf91287de2f9843989f4978f7d43d  Tuist/Dependencies/SwiftPackageManager/.build/checkouts/JGProgressHUD/JGProgressHUD/JGProgressHUD/include/JGProgressHUDImageIndicatorView.h
d59895aee5e327f508f7f05d5d495b36b7fae6d4  Tuist/Dependencies/SwiftPackageManager/.build/checkouts/JGProgressHUD/JGProgressHUD/JGProgressHUD/include/JGProgressHUDIndicatorView.h
82b2542b50bbeab85a99f4af728b48427e49712d  Tuist/Dependencies/SwiftPackageManager/.build/checkouts/JGProgressHUD/JGProgressHUD/JGProgressHUD/include/JGProgressHUD.h
46a5ca21259d55f0eeb5d3a88c8c6d9af37ebfab  Tuist/Dependencies/SwiftPackageManager/.build/checkouts/JGProgressHUD/JGProgressHUD/JGProgressHUD/include/JGProgressHUDShadow.h
2e08fd28b39cbe9ae0e3ae9dc9f61f7ff96bd7ae  Tuist/Dependencies/SwiftPackageManager/.build/checkouts/JGProgressHUD/JGProgressHUD/JGProgressHUD/include/JGProgressHUDPieIndicatorView.h
2a0d6934a17ab3daad9479929e8dcea7384b9fae  Tuist/Dependencies/SwiftPackageManager/.build/checkouts/JGProgressHUD/JGProgressHUD/JGProgressHUD/include/JGProgressHUDRingIndicatorView.h
87330e7781486af3e60430eb886c381166ffd9bb  Tuist/Dependencies/SwiftPackageManager/.build/checkouts/JGProgressHUD/JGProgressHUD/JGProgressHUD/include/JGProgressHUDFadeAnimation.h
0f1d68924bfff8cc9eef5a842d43180135fdf55e  Tuist/Dependencies/SwiftPackageManager/.build/checkouts/JGProgressHUD/JGProgressHUD/JGProgressHUD/include/JGProgressHUD-Defines.h
f2ec99f66861af7900e61ac0572df3f934723ca4  Tuist/Dependencies/SwiftPackageManager/.build/checkouts/JGProgressHUD/JGProgressHUD/JGProgressHUD/include/JGProgressHUDAnimation.h
300b9d24abb44400017a1a9a473b9ac80f59ef55  Tuist/Dependencies/SwiftPackageManager/.build/checkouts/JGProgressHUD/JGProgressHUD/JGProgressHUD/include/JGProgressHUDErrorIndicatorView.h
ec1e0f7fce0087979d17e9b386bf5eb8059caa35  Tuist/Dependencies/SwiftPackageManager/.build/checkouts/JGProgressHUD/JGProgressHUD/JGProgressHUD/include/JGProgressHUDIndeterminateIndicatorView.h
4f615ec060c098aa0daade7af69ddb7d02a4230f  Tuist/Dependencies/SwiftPackageManager/.build/checkouts/JGProgressHUD/JGProgressHUD/JGProgressHUD/include/module.modulemap
efc6bd4af7079338198ab24010f9cb6f1a64452b  Tuist/Dependencies/SwiftPackageManager/.build/checkouts/JGProgressHUD/JGProgressHUD/JGProgressHUD/include/JGProgressHUDFadeZoomAnimation.h
811481f8630a1c769c0f928cbb72e7701f4ad2d2  Tuist/Dependencies/SwiftPackageManager/.build/checkouts/JGProgressHUD/JGProgressHUD/JGProgressHUD/JGProgressHUDFadeZoomAnimation.m
4ab23ab2c7206edf7f35fd2599f7ea42d2b5d2dc  Tuist/Dependencies/SwiftPackageManager/.build/checkouts/JGProgressHUD/JGProgressHUD/JGProgressHUD/JGProgressHUDImageIndicatorView.m
8af9d27052f3d386efc46fffa941e907d951b6cc  Tuist/Dependencies/SwiftPackageManager/.build/checkouts/JGProgressHUD/JGProgressHUD/JGProgressHUD/JGProgressHUDSuccessIndicatorView.m
fc4f8598ed376341ec11bdeb9f6b1fe3038ee423  Tuist/Dependencies/SwiftPackageManager/.build/checkouts/JGProgressHUD/JGProgressHUD/JGProgressHUD/JGProgressHUDIndicatorView.m
18b1f117ac30f5744047c2438189890c266c38d7  Tuist/Dependencies/SwiftPackageManager/.build/checkouts/JGProgressHUD/JGProgressHUD/JGProgressHUD/JGProgressHUD.m
5aa1f3d38d70bf60156cdd558eda498b6e7e1c16  Tuist/Dependencies/SwiftPackageManager/.build/checkouts/JGProgressHUD/JGProgressHUD/JGProgressHUD/JGProgressHUDFadeAnimation.m
f1082b8b7e4bdbefbac769e3695da74cd45ddc89  Tuist/Dependencies/SwiftPackageManager/.build/checkouts/JGProgressHUD/JGProgressHUD/JGProgressHUD/JGProgressHUDRingIndicatorView.m
ae5d9c54023c31e4c65aa0cbf112f1a275430d3d  Tuist/Dependencies/SwiftPackageManager/.build/checkouts/JGProgressHUD/JGProgressHUD/JGProgressHUD/JGProgressHUDPieIndicatorView.m
ae6a436558ec46d8632de6a1fedc41ace077f1d7  Tuist/Dependencies/SwiftPackageManager/.build/checkouts/JGProgressHUD/JGProgressHUD/JGProgressHUD/JGProgressHUDShadow.m
5562da2480ebc14700b6e4cb44d5d7ec46f000ee  Tuist/Dependencies/SwiftPackageManager/.build/checkouts/JGProgressHUD/JGProgressHUD/JGProgressHUD-iOS/Info.plist
3712aa082e78a99dd2b3c9acce5ec8db1f1351f4  Tuist/Dependencies/SwiftPackageManager/.build/checkouts/JGProgressHUD/JGProgressHUD/JGProgressHUD-tvOS/Info.plist
245f49efc811ce55bd0f01fdfd6e2053ce07adde  Tuist/Dependencies/SwiftPackageManager/.build/checkouts/JGProgressHUD/README.md
d8dabb14e2ab7db8d1bac250fb0c57f3d0776439  Tuist/Dependencies/SwiftPackageManager/.build/checkouts/JGProgressHUD/.gitignore
9be9e42f12d3892ed709b8dadcc2ce593c11c5ed  Tuist/Dependencies/SwiftPackageManager/.build/checkouts/JGProgressHUD/Examples/JGProgressHUD-Tests-Swift/ViewController.swift
4038dfb555b7c4d564502ede33d94ca7b9e26016  Tuist/Dependencies/SwiftPackageManager/.build/checkouts/JGProgressHUD/Examples/JGProgressHUD-Tests-Swift/Assets.xcassets/AppIcon.appiconset/Contents.json
f3e104068580dde1c866bb49a787c7b11af81c9a  Tuist/Dependencies/SwiftPackageManager/.build/checkouts/JGProgressHUD/Examples/JGProgressHUD-Tests-Swift/JGProgressHUD-Tests-Swift.entitlements
cd1490643b3c2e48447e73789382ac374a1f1f6a  Tuist/Dependencies/SwiftPackageManager/.build/checkouts/JGProgressHUD/Examples/JGProgressHUD-Tests-Swift/Base.lproj/LaunchScreen.storyboard
92d601e9fc76fe9adafaab0167bc30fc34c61cc7  Tuist/Dependencies/SwiftPackageManager/.build/checkouts/JGProgressHUD/Examples/JGProgressHUD-Tests-Swift/AppDelegate.swift
4d6ad03640750f43217f43d6363587200c9930d9  Tuist/Dependencies/SwiftPackageManager/.build/checkouts/JGProgressHUD/Examples/JGProgressHUD-Tests-Swift/Info.plist
24fbf72438eb26d68d5cfe21a1ebc2f6bff70801  Tuist/Dependencies/SwiftPackageManager/.build/checkouts/JGProgressHUD/Examples/Screenshots/Presentation.png
c980f9f5d61ca7eba38c1f8d091b6778b2eb9523  Tuist/Dependencies/SwiftPackageManager/.build/checkouts/JGProgressHUD/Examples/Screenshots/demo1.gif
7c0fe4c00c4e392850496db9def71a3205fe15d2  Tuist/Dependencies/SwiftPackageManager/.build/checkouts/JGProgressHUD/Examples/Screenshots/demo2.gif
624e2ab81ed6f6035059e62a1eb7f5661975256e  Tuist/Dependencies/SwiftPackageManager/.build/checkouts/JGProgressHUD/Examples/JGProgressHUD-Tests-tvOS/Assets.xcassets/Contents.json
6c113e9b0818532ff717288a20cc724ddabf1dd7  Tuist/Dependencies/SwiftPackageManager/.build/checkouts/JGProgressHUD/Examples/JGProgressHUD-Tests-tvOS/Assets.xcassets/LaunchImage.launchimage/Contents.json
da39a3ee5e6b4b0d3255bfef95601890afd80709  -
da39a3ee5e6b4b0d3255bfef95601890afd80709  -
da39a3ee5e6b4b0d3255bfef95601890afd80709  -
da39a3ee5e6b4b0d3255bfef95601890afd80709  -
da39a3ee5e6b4b0d3255bfef95601890afd80709  -
da39a3ee5e6b4b0d3255bfef95601890afd80709  -
da39a3ee5e6b4b0d3255bfef95601890afd80709  -
d738aac0457c43357f898af8965a3d6f11c49168  Tuist/Dependencies/SwiftPackageManager/.build/checkouts/JGProgressHUD/Examples/JGProgressHUD-Tests-tvOS/Base.lproj/Main.storyboard
b01e3a316d462a0c9de217f2afdf24756d042240  Tuist/Dependencies/SwiftPackageManager/.build/checkouts/JGProgressHUD/Examples/JGProgressHUD-Tests-tvOS/AppDelegate.swift
393e082b3a84c872f70193f6e292094754ccc545  Tuist/Dependencies/SwiftPackageManager/.build/checkouts/JGProgressHUD/Examples/JGProgressHUD-Tests-tvOS/Info.plist
b00fca3eebefede756d8b9fab596a940e21f5618  Tuist/Dependencies/SwiftPackageManager/.build/checkouts/JGProgressHUD/Examples/JGProgressHUD-Tests.xcodeproj/project.pbxproj
4ae22f58d753b2dd5d7f7da307c1f29329f8b7ee  Tuist/Dependencies/SwiftPackageManager/.build/checkouts/JGProgressHUD/Examples/JGProgressHUD-Tests/JGAppDelegate.h
8faaa0faa6cd692b602eb74340c754c739d5eaa3  Tuist/Dependencies/SwiftPackageManager/.build/checkouts/JGProgressHUD/Examples/JGProgressHUD-Tests/en.lproj/InfoPlist.strings
a41bcfbfe3122ad2a97c2310a176630d798e976a  Tuist/Dependencies/SwiftPackageManager/.build/checkouts/JGProgressHUD/Examples/JGProgressHUD-Tests/JGProgressHUD-Tests-Info.plist
f3e104068580dde1c866bb49a787c7b11af81c9a  Tuist/Dependencies/SwiftPackageManager/.build/checkouts/JGProgressHUD/Examples/JGProgressHUD-Tests/JGProgressHUD-Tests.entitlements
4b919354d72c57f068eaf07112436590b3097149  Tuist/Dependencies/SwiftPackageManager/.build/checkouts/JGProgressHUD/Examples/JGProgressHUD-Tests/JGDetailViewController.m
b55f86ef06f2c6209c1f1f281dbbbce52f00c846  Tuist/Dependencies/SwiftPackageManager/.build/checkouts/JGProgressHUD/Examples/JGProgressHUD-Tests/JGMainViewController.h
500c38e4295f1ca2a8aa9f5568ba4302c4564b4c  Tuist/Dependencies/SwiftPackageManager/.build/checkouts/JGProgressHUD/Examples/JGProgressHUD-Tests/JGAppDelegate.m
23db74c55ed622a740ed5cb31dfb61a0151897ed  Tuist/Dependencies/SwiftPackageManager/.build/checkouts/JGProgressHUD/Examples/JGProgressHUD-Tests/main.m
bf2fc6dfc093e1043bade3a85f0474d8da0c1c48  Tuist/Dependencies/SwiftPackageManager/.build/checkouts/JGProgressHUD/Examples/JGProgressHUD-Tests/JGProgressHUD-Tests-Prefix.pch
14e5a5fed31a909fd8d4362f06bc5ce689be06b4  Tuist/Dependencies/SwiftPackageManager/.build/checkouts/JGProgressHUD/Examples/JGProgressHUD-Tests/Images.xcassets/AppIcon.appiconset/Contents.json
624e2ab81ed6f6035059e62a1eb7f5661975256e  Tuist/Dependencies/SwiftPackageManager/.build/checkouts/JGProgressHUD/Examples/JGProgressHUD-Tests/Images.xcassets/Contents.json
2b4a2f9fb0e9c90df890f3f32223bc4870f36448  Tuist/Dependencies/SwiftPackageManager/.build/checkouts/JGProgressHUD/Examples/JGProgressHUD-Tests/JGMainViewController.m
2889525f3bb90daac2c3418c46d5b536ac31c9ac  Tuist/Dependencies/SwiftPackageManager/.build/checkouts/JGProgressHUD/Examples/JGProgressHUD-Tests/JGDetailViewController.h
bd3adc9dd7be88923a2bc3141ee3d06bf120cad9  Tuist/Dependencies/SwiftPackageManager/.build/checkouts/JGProgressHUD/.github/FUNDING.yml
ebb2de88db0288fee67a216c521ee3beed4ff90c  Tuist/Dependencies/SwiftPackageManager/.build/checkouts/JGProgressHUD/Package.swift
526c5ccd89c6cc2ed82bb69b71eea35ce0b0a94b  Tuist/Dependencies/SwiftPackageManager/.build/checkouts/JGProgressHUD/.git/config
54243d523d862de91e618a6e98490aaa8431916c  Tuist/Dependencies/SwiftPackageManager/.build/checkouts/JGProgressHUD/.git/objects/info/alternates
70c583b2b0401201ed512e5fb38abc56869890aa  Tuist/Dependencies/SwiftPackageManager/.build/checkouts/JGProgressHUD/.git/HEAD
c879df015d97615050afa7b9641e3352a1e701ac  Tuist/Dependencies/SwiftPackageManager/.build/checkouts/JGProgressHUD/.git/info/exclude
8f6e48e3304f338af17786c95b295d6b42321842  Tuist/Dependencies/SwiftPackageManager/.build/checkouts/JGProgressHUD/.git/logs/HEAD
5a4fed4ffaa8d363455658226b4944ce15039a36  Tuist/Dependencies/SwiftPackageManager/.build/checkouts/JGProgressHUD/.git/logs/refs/heads/master
5a4fed4ffaa8d363455658226b4944ce15039a36  Tuist/Dependencies/SwiftPackageManager/.build/checkouts/JGProgressHUD/.git/logs/refs/remotes/origin/HEAD
9635f1b7e12c045212819dd934d809ef07efa2f4  Tuist/Dependencies/SwiftPackageManager/.build/checkouts/JGProgressHUD/.git/description
ee1ed5aad98a435f2020b6de35c173b75d9affac  Tuist/Dependencies/SwiftPackageManager/.build/checkouts/JGProgressHUD/.git/hooks/commit-msg.sample
288efdc0027db4cfd8b7c47c4aeddba09b6ded12  Tuist/Dependencies/SwiftPackageManager/.build/checkouts/JGProgressHUD/.git/hooks/pre-rebase.sample
a79d057388ee2c2fe6561d7697f1f5efcff96f23  Tuist/Dependencies/SwiftPackageManager/.build/checkouts/JGProgressHUD/.git/hooks/pre-commit.sample
4de88eb95a5e93fd27e78b5fb3b5231a8d8917dd  Tuist/Dependencies/SwiftPackageManager/.build/checkouts/JGProgressHUD/.git/hooks/applypatch-msg.sample
118ff5509f187039734d04456bf01e44c933ac19  Tuist/Dependencies/SwiftPackageManager/.build/checkouts/JGProgressHUD/.git/hooks/fsmonitor-watchman.sample
705a17d259e7896f0082fe2e9f2c0c3b127be5ac  Tuist/Dependencies/SwiftPackageManager/.build/checkouts/JGProgressHUD/.git/hooks/pre-receive.sample
2584806ba147152ae005cb675aa4f01d5d068456  Tuist/Dependencies/SwiftPackageManager/.build/checkouts/JGProgressHUD/.git/hooks/prepare-commit-msg.sample
b614c2f63da7dca9f1db2e7ade61ef30448fc96c  Tuist/Dependencies/SwiftPackageManager/.build/checkouts/JGProgressHUD/.git/hooks/post-update.sample
04c64e58bc25c149482ed45dbd79e40effb89eb7  Tuist/Dependencies/SwiftPackageManager/.build/checkouts/JGProgressHUD/.git/hooks/pre-merge-commit.sample
f208287c1a92525de9f5462e905a9d31de1e2d75  Tuist/Dependencies/SwiftPackageManager/.build/checkouts/JGProgressHUD/.git/hooks/pre-applypatch.sample
a599b773b930ca83dbc3a5c7c13059ac4a6eaedc  Tuist/Dependencies/SwiftPackageManager/.build/checkouts/JGProgressHUD/.git/hooks/pre-push.sample
730e6bd5225478bab6147b7a62a6e2ae21d40507  Tuist/Dependencies/SwiftPackageManager/.build/checkouts/JGProgressHUD/.git/hooks/update.sample
508240328c8b55f8157c93c43bf5e291e5d2fbcb  Tuist/Dependencies/SwiftPackageManager/.build/checkouts/JGProgressHUD/.git/hooks/push-to-checkout.sample
054e358fd9bcd95ffecd230254c3ae0662fd3631  Tuist/Dependencies/SwiftPackageManager/.build/checkouts/JGProgressHUD/.git/refs/heads/master
d9427cda09aba1cdde5c69c2b13c905bddb0bc51  Tuist/Dependencies/SwiftPackageManager/.build/checkouts/JGProgressHUD/.git/refs/remotes/origin/HEAD
c53c58a1813be2be48cad282ce27b7b6a2e7320b  Tuist/Dependencies/SwiftPackageManager/.build/checkouts/JGProgressHUD/.git/index
0dc39a6c838c8a8162f9128b1c8ba323bf7b77a9  Tuist/Dependencies/SwiftPackageManager/.build/checkouts/JGProgressHUD/.git/packed-refs
87cddab1ecffdb327f7da9029919238c1a9b0bfc  Tuist/Dependencies/SwiftPackageManager/.build/checkouts/JGProgressHUD/LICENSE.txt
283db55e4deb95476a9e311a38513c36bed34b40  Tuist/Dependencies/SwiftPackageManager/.build/repositories/JGProgressHUD-9d2f5efb/config
e4c72e57a6418bed5787a112cb1fd1b65774a3d3  Tuist/Dependencies/SwiftPackageManager/.build/repositories/JGProgressHUD-9d2f5efb/objects/pack/pack-a1a96c4683c8c22bdd3ea1fdda27f09f25566f0f.idx
afe21ce11a8cea044ee079a6e9b5d3115e8159d2  Tuist/Dependencies/SwiftPackageManager/.build/repositories/JGProgressHUD-9d2f5efb/objects/pack/pack-a1a96c4683c8c22bdd3ea1fdda27f09f25566f0f.pack
acbaef275e46a7f14c1ef456fff2c8bbe8c84724  Tuist/Dependencies/SwiftPackageManager/.build/repositories/JGProgressHUD-9d2f5efb/HEAD
c879df015d97615050afa7b9641e3352a1e701ac  Tuist/Dependencies/SwiftPackageManager/.build/repositories/JGProgressHUD-9d2f5efb/info/exclude
9635f1b7e12c045212819dd934d809ef07efa2f4  Tuist/Dependencies/SwiftPackageManager/.build/repositories/JGProgressHUD-9d2f5efb/description
ee1ed5aad98a435f2020b6de35c173b75d9affac  Tuist/Dependencies/SwiftPackageManager/.build/repositories/JGProgressHUD-9d2f5efb/hooks/commit-msg.sample
288efdc0027db4cfd8b7c47c4aeddba09b6ded12  Tuist/Dependencies/SwiftPackageManager/.build/repositories/JGProgressHUD-9d2f5efb/hooks/pre-rebase.sample
a79d057388ee2c2fe6561d7697f1f5efcff96f23  Tuist/Dependencies/SwiftPackageManager/.build/repositories/JGProgressHUD-9d2f5efb/hooks/pre-commit.sample
4de88eb95a5e93fd27e78b5fb3b5231a8d8917dd  Tuist/Dependencies/SwiftPackageManager/.build/repositories/JGProgressHUD-9d2f5efb/hooks/applypatch-msg.sample
118ff5509f187039734d04456bf01e44c933ac19  Tuist/Dependencies/SwiftPackageManager/.build/repositories/JGProgressHUD-9d2f5efb/hooks/fsmonitor-watchman.sample
705a17d259e7896f0082fe2e9f2c0c3b127be5ac  Tuist/Dependencies/SwiftPackageManager/.build/repositories/JGProgressHUD-9d2f5efb/hooks/pre-receive.sample
2584806ba147152ae005cb675aa4f01d5d068456  Tuist/Dependencies/SwiftPackageManager/.build/repositories/JGProgressHUD-9d2f5efb/hooks/prepare-commit-msg.sample
b614c2f63da7dca9f1db2e7ade61ef30448fc96c  Tuist/Dependencies/SwiftPackageManager/.build/repositories/JGProgressHUD-9d2f5efb/hooks/post-update.sample
04c64e58bc25c149482ed45dbd79e40effb89eb7  Tuist/Dependencies/SwiftPackageManager/.build/repositories/JGProgressHUD-9d2f5efb/hooks/pre-merge-commit.sample
f208287c1a92525de9f5462e905a9d31de1e2d75  Tuist/Dependencies/SwiftPackageManager/.build/repositories/JGProgressHUD-9d2f5efb/hooks/pre-applypatch.sample
a599b773b930ca83dbc3a5c7c13059ac4a6eaedc  Tuist/Dependencies/SwiftPackageManager/.build/repositories/JGProgressHUD-9d2f5efb/hooks/pre-push.sample
730e6bd5225478bab6147b7a62a6e2ae21d40507  Tuist/Dependencies/SwiftPackageManager/.build/repositories/JGProgressHUD-9d2f5efb/hooks/update.sample
508240328c8b55f8157c93c43bf5e291e5d2fbcb  Tuist/Dependencies/SwiftPackageManager/.build/repositories/JGProgressHUD-9d2f5efb/hooks/push-to-checkout.sample
dcea94ff9cd42018ba7d2fa5c1d5f44e75e66d82  Tuist/Dependencies/SwiftPackageManager/.build/repositories/JGProgressHUD-9d2f5efb/packed-refs
30373a288e8cae1138059a63e1cd4d77ebbde1bf  Tuist/Dependencies/SwiftPackageManager/.build/repositories/checkouts-state.json
10ab93fc65dc2969eed5f66399b09626384d56d8  Tuist/Dependencies/SwiftPackageManager/Package.swift
1dd2cd71e99022f9cb88c9d291fa66c1a4569a1d  Tuist/Dependencies/Lockfiles/Package.resolved
cf7543a1b544ec274053dd7da887a8ddd05a0df5  Tuist/Dependencies/graph.json
462452427d8c8db9a04448f6fe14a68d35b5e259  Tuist/Config.swift
ca7d5bfcde1ff82e4b7324ba9dfb28048b7c4470  Tuist/Templates/framework/framework.swift
b9c38e14aea07f82b2fd493b1999cc1822994b8a  Tuist/Templates/framework/UnitTests.stencil
c135d99c094fc011ac633dea41faf9609395f400  Tuist/Templates/framework/Framework.stencil
49e5568587a96371a7f9e0f165e8d3a951c0dca1  Tuist/Templates/module/ExampleCoordinator.stencil
db9bf5afaf6c3243a3e4c2e0a47d3ba6d50619ce  Tuist/Templates/module/Resources/Assets.xcassets/AppIcon.appiconset/PokeBallLogo_120.png
653ebfa4051803d86845660ce5efa3f8054627d5  Tuist/Templates/module/Resources/Assets.xcassets/AppIcon.appiconset/PokeBallLogo_1024.png
2e9d5871a0d05ded9b995b4cf0bafaf111a9518f  Tuist/Templates/module/Resources/Assets.xcassets/AppIcon.appiconset/Contents.json
d32cf7b6d3ddbc12c993db6e6f56328b3305856f  Tuist/Templates/module/Resources/Assets.xcassets/AppIcon.appiconset/PokeBallLogo_180.png
3acc5349d785d33194753975ddd302dbabd7e183  Tuist/Templates/module/Resources/Assets.xcassets/Contents.json
c042f1072fca9dcf1b6d82fe2e51f9f98935da51  Tuist/Templates/module/Resources/Assets.xcassets/Ball.imageset/Ball.png
0398774ecc2a00c4c84cbf53785027a8f6fbc4ec  Tuist/Templates/module/Resources/Assets.xcassets/Ball.imageset/Contents.json
1cf21a9b7469e2addb991924fff5cce4c2d0214c  Tuist/Templates/module/LaunchScreen.stencil
c6169c976cba9ace47bfa3691ef3f77fd9626bf6  Tuist/Templates/module/Scene.stencil
70d8a4c1855dfe7879d7e78d6aea4e6b5ed99dd0  Tuist/Templates/module/ExampleAppDelegate.stencil
86f37458da0b4663fedabbbaba6d8c6c120b3aaa  Tuist/Templates/module/ExampleAppController.stencil
9b4b7dfd396161fce91b8599160bd9095b95988c  Tuist/Templates/module/Module.swift
e773e2ee4cbb2174641c1bf310854b1a13b35233  Tuist/Templates/module/Tests.stencil
1e4512ef94ff33d0ba39d8ccd7eac1f4b6c6c6c5  Tuist/ProjectDescriptionHelpers/Project+Templates.swift
